# THIS IS AN AUTOGENERATED FILE. DO NOT EDIT THIS FILE DIRECTLY.
# yarn lockfile v1


ansi-escapes@^4.3.1:
  version "4.3.2"
  resolved "https://registry.yarnpkg.com/ansi-escapes/-/ansi-escapes-4.3.2.tgz#6b2291d1db7d98b6521d5f1efa42d0f3a9feb65e"
  integrity sha512-gKXj5ALrKWQLsYG9jlTRmR/xKluxHV+Z9QEwNIgCfM1/uwPMCuzVVnh5mwTd+OuBZcwSIMbqssNWRm1lE51QaQ==
  dependencies:
    type-fest "^0.21.3"

ansi-styles@^4.1.0:
  version "4.3.0"
  resolved "https://registry.yarnpkg.com/ansi-styles/-/ansi-styles-4.3.0.tgz#edd803628ae71c04c85ae7a0906edad34b648937"
  integrity sha512-zbB9rCJAT1rbjiVDb2hqKFHNYLxgtk8NURxZ3IZwD3F6NtxbXZQCnnSi1Lkx+IDohdPlFp222wVALIheZJQSEg==
  dependencies:
    color-convert "^2.0.1"

ansicolors@~0.3.2:
  version "0.3.2"
  resolved "https://registry.yarnpkg.com/ansicolors/-/ansicolors-0.3.2.tgz#665597de86a9ffe3aa9bfbe6cae5c6ea426b4979"
  integrity sha1-ZlWX3oap/+Oqm/vmyuXG6kJrSXk=

cardinal@^2.1.1:
  version "2.1.1"
  resolved "https://registry.yarnpkg.com/cardinal/-/cardinal-2.1.1.tgz#7cc1055d822d212954d07b085dea251cc7bc5505"
  integrity sha1-fMEFXYItISlU0HsIXeolHMe8VQU=
  dependencies:
    ansicolors "~0.3.2"
    redeyed "~2.1.0"

chalk@^4.1.0, chalk@^4.1.1:
  version "4.1.1"
  resolved "https://registry.yarnpkg.com/chalk/-/chalk-4.1.1.tgz#c80b3fab28bf6371e6863325eee67e618b77e6ad"
  integrity sha512-diHzdDKxcU+bAsUboHLPEDQiw0qEe0qd7SYUn3HgcFlWgbDcfLGswOHYeGrHKzG9z6UYf01d9VFMfZxPM1xZSg==
  dependencies:
    ansi-styles "^4.1.0"
    supports-color "^7.1.0"

cli-table@^0.3.1:
  version "0.3.6"
  resolved "https://registry.yarnpkg.com/cli-table/-/cli-table-0.3.6.tgz#e9d6aa859c7fe636981fd3787378c2a20bce92fc"
  integrity sha512-ZkNZbnZjKERTY5NwC2SeMeLeifSPq/pubeRoTpdr3WchLlnZg6hEgvHkK5zL7KNFdd9PmHN8lxrENUwI3cE8vQ==
  dependencies:
    colors "1.0.3"

color-convert@^2.0.1:
  version "2.0.1"
  resolved "https://registry.yarnpkg.com/color-convert/-/color-convert-2.0.1.tgz#72d3a68d598c9bdb3af2ad1e84f21d896abd4de3"
  integrity sha512-RRECPsj7iu/xb5oKYcsFHSppFNnsj/52OVTRKb4zP5onXwVF3zVmmToNcOfGC+CRDpfK/U584fMg38ZHCaElKQ==
  dependencies:
    color-name "~1.1.4"

color-name@~1.1.4:
  version "1.1.4"
  resolved "https://registry.yarnpkg.com/color-name/-/color-name-1.1.4.tgz#c2a09a87acbde69543de6f63fa3995c826c536a2"
  integrity sha512-dOy+3AuW3a2wNbZHIuMZpTcgjGuLU/uBL/ubcZF9OXbDo8ff4O8yVp5Bf0efS8uEoYo5q4Fx7dY9OgQGXgAsQA==

colors@1.0.3:
  version "1.0.3"
  resolved "https://registry.yarnpkg.com/colors/-/colors-1.0.3.tgz#0433f44d809680fdeb60ed260f1b0c262e82a40b"
  integrity sha1-BDP0TYCWgP3rYO0mDxsMJi6CpAs=

esprima@~4.0.0:
  version "4.0.1"
  resolved "https://registry.yarnpkg.com/esprima/-/esprima-4.0.1.tgz#13b04cdb3e6c5d19df91ab6987a8695619b0aa71"
  integrity sha512-eGuFFw7Upda+g4p+QHvnW0RyTX/SVeJBDM/gCtMARO0cLuT2HcEKnTPvhjV6aGeqrCB/sbNop0Kszm0jsaWU4A==

has-flag@^4.0.0:
  version "4.0.0"
  resolved "https://registry.yarnpkg.com/has-flag/-/has-flag-4.0.0.tgz#944771fd9c81c81265c4d6941860da06bb59479b"
  integrity sha512-EykJT/Q1KjTWctppgIAgfSO0tKVuZUjhgMr17kqTumMl6Afv3EISleU7qZUzoXDFTAHTDC4NOoG/ZxU3EvlMPQ==

lodash.toarray@^4.4.0:
  version "4.4.0"
  resolved "https://registry.yarnpkg.com/lodash.toarray/-/lodash.toarray-4.4.0.tgz#24c4bfcd6b2fba38bfd0594db1179d8e9b656561"
  integrity sha1-JMS/zWsvuji/0FlNsRedjptlZWE=

marked-terminal@^4.1.1:
  version "4.1.1"
  resolved "https://registry.yarnpkg.com/marked-terminal/-/marked-terminal-4.1.1.tgz#34a6f063cd6cfe26bffaf5bac3724e24242168a9"
  integrity sha512-t7Mdf6T3PvOEyN01c3tYxDzhyKZ8xnkp8Rs6Fohno63L/0pFTJ5Qtwto2AQVuDtbQiWzD+4E5AAu1Z2iLc8miQ==
  dependencies:
    ansi-escapes "^4.3.1"
    cardinal "^2.1.1"
    chalk "^4.1.0"
    cli-table "^0.3.1"
    node-emoji "^1.10.0"
    supports-hyperlinks "^2.1.0"

marked@^2.1.1:
  version "2.1.1"
  resolved "https://registry.yarnpkg.com/marked/-/marked-2.1.1.tgz#b7c27f520fc4de0ddd049d9b4be3b04e06314923"
  integrity sha512-5XFS69o9CzDpQDSpUYC+AN2xvq8yl1EGa5SG/GI1hP78/uTeo3PDfiDNmsUyiahpyhToDDJhQk7fNtJsga+KVw==

node-emoji@^1.10.0:
  version "1.10.0"
  resolved "https://registry.yarnpkg.com/node-emoji/-/node-emoji-1.10.0.tgz#8886abd25d9c7bb61802a658523d1f8d2a89b2da"
  integrity sha512-Yt3384If5H6BYGVHiHwTL+99OzJKHhgp82S8/dktEK73T26BazdgZ4JZh92xSVtGNJvz9UbXdNAc5hcrXV42vw==
  dependencies:
    lodash.toarray "^4.4.0"

node-fetch@^2.6.1:
  version "2.6.1"
  resolved "https://registry.yarnpkg.com/node-fetch/-/node-fetch-2.6.1.tgz#045bd323631f76ed2e2b55573394416b639a0052"
  integrity sha512-V4aYg89jEoVRxRb2fJdAg8FHvI7cEyYdVAh94HH0UIK8oJxUfkjlDQN9RbMx+bEjP7+ggMiFRprSti032Oipxw==

redeyed@~2.1.0:
  version "2.1.1"
  resolved "https://registry.yarnpkg.com/redeyed/-/redeyed-2.1.1.tgz#8984b5815d99cb220469c99eeeffe38913e6cc0b"
  integrity sha1-iYS1gV2ZyyIEacme7v/jiRPmzAs=
  dependencies:
    esprima "~4.0.0"

supports-color@^7.0.0, supports-color@^7.1.0:
  version "7.2.0"
  resolved "https://registry.yarnpkg.com/supports-color/-/supports-color-7.2.0.tgz#1b7dcdcb32b8138801b3e478ba6a51caa89648da"
  integrity sha512-qpCAvRl9stuOHveKsn7HncJRvv501qIacKzQlO/+Lwxc9+0q2wLyv4Dfvt80/DPn2pqOBsJdDiogXGR9+OvwRw==
  dependencies:
    has-flag "^4.0.0"

supports-hyperlinks@^2.1.0:
  version "2.2.0"
  resolved "https://registry.yarnpkg.com/supports-hyperlinks/-/supports-hyperlinks-2.2.0.tgz#4f77b42488765891774b70c79babd87f9bd594bb"
  integrity sha512-6sXEzV5+I5j8Bmq9/vUphGRM/RJNT9SCURJLjwfOg51heRtguGWDzcaBlgAzKhQa0EVNpPEKzQuBwZ8S8WaCeQ==
  dependencies:
    has-flag "^4.0.0"
    supports-color "^7.0.0"

type-fest@^0.21.3:
  version "0.21.3"
  resolved "https://registry.yarnpkg.com/type-fest/-/type-fest-0.21.3.tgz#d260a24b0198436e133fa26a524a6d65fa3b2e37"
  integrity sha512-t0rzBq87m3fVcduHDUFhKmyyX+9eo6WQjZvf51Ea/M0Q7+T374Jp1aUiyUl0GKxp8M/OETVHSDvmkyPgvX+X2w==
